// !$*UTF8*$!
{
	archiveVersion = 1;
	classes = {
	};
	objectVersion = 77;
	objects = {

/* Begin PBXBuildFile section */
		4CAD3C3F2F28AF7D001E3F5B /* WidgetKit.framework in Frameworks */ = {isa = PBXBuildFile; fileRef = 4CAD3C3E2F28AF7C001E3F5B /* WidgetKit.framework */; };
		4CAD3C412F28AF7D001E3F5B /* SwiftUI.framework in Frameworks */ = {isa = PBXBuildFile; fileRef = 4CAD3C402F28AF7D001E3F5B /* SwiftUI.framework */; };
		4CAD3C522F28AF7F001E3F5B /* OffshoreBudgetingWidgetsExtension.appex in Embed Foundation Extensions */ = {isa = PBXBuildFile; fileRef = 4CAD3C3C2F28AF7C001E3F5B /* OffshoreBudgetingWidgetsExtension.appex */; settings = {ATTRIBUTES = (RemoveHeadersOnCopy, ); }; };
/* End PBXBuildFile section */

/* Begin PBXContainerItemProxy section */
		4C96F85F2F20523900541774 /* PBXContainerItemProxy */ = {
			isa = PBXContainerItemProxy;
			containerPortal = 4C96F8492F20523700541774 /* Project object */;
			proxyType = 1;
			remoteGlobalIDString = 4C96F8502F20523700541774;
			remoteInfo = BudgetPlayground;
		};
		4C96F8692F20523900541774 /* PBXContainerItemProxy */ = {
			isa = PBXContainerItemProxy;
			containerPortal = 4C96F8492F20523700541774 /* Project object */;
			proxyType = 1;
			remoteGlobalIDString = 4C96F8502F20523700541774;
			remoteInfo = BudgetPlayground;
		};
		4CAD3C502F28AF7F001E3F5B /* PBXContainerItemProxy */ = {
			isa = PBXContainerItemProxy;
			containerPortal = 4C96F8492F20523700541774 /* Project object */;
			proxyType = 1;
			remoteGlobalIDString = 4CAD3C3B2F28AF7C001E3F5B;
			remoteInfo = OffshoreBudgetingWidgetsExtension;
		};
/* End PBXContainerItemProxy section */

/* Begin PBXCopyFilesBuildPhase section */
		4CAD3C572F28AF7F001E3F5B /* Embed Foundation Extensions */ = {
			isa = PBXCopyFilesBuildPhase;
			buildActionMask = 2147483647;
			dstPath = "";
			dstSubfolderSpec = 13;
			files = (
				4CAD3C522F28AF7F001E3F5B /* OffshoreBudgetingWidgetsExtension.appex in Embed Foundation Extensions */,
			);
			name = "Embed Foundation Extensions";
			runOnlyForDeploymentPostprocessing = 0;
		};
/* End PBXCopyFilesBuildPhase section */

/* Begin PBXFileReference section */
		4C198A392F298962005D2D0D /* OffshoreBudgetingWidgetsExtension.entitlements */ = {isa = PBXFileReference; lastKnownFileType = text.plist.entitlements; path = OffshoreBudgetingWidgetsExtension.entitlements; sourceTree = "<group>"; };
		4C8C82152F247DA50024DBD0 /* OffshoreBudgeting.xctestplan */ = {isa = PBXFileReference; lastKnownFileType = text; path = OffshoreBudgeting.xctestplan; sourceTree = "<group>"; };
		4C96F8512F20523700541774 /* Offshore.app */ = {isa = PBXFileReference; explicitFileType = wrapper.application; includeInIndex = 0; path = Offshore.app; sourceTree = BUILT_PRODUCTS_DIR; };
		4C96F85E2F20523900541774 /* OffshoreBudgetingTests.xctest */ = {isa = PBXFileReference; explicitFileType = wrapper.cfbundle; includeInIndex = 0; path = OffshoreBudgetingTests.xctest; sourceTree = BUILT_PRODUCTS_DIR; };
		4C96F8682F20523900541774 /* OffshoreBudgetingUITests.xctest */ = {isa = PBXFileReference; explicitFileType = wrapper.cfbundle; includeInIndex = 0; path = OffshoreBudgetingUITests.xctest; sourceTree = BUILT_PRODUCTS_DIR; };
		4CAD3C3C2F28AF7C001E3F5B /* OffshoreBudgetingWidgetsExtension.appex */ = {isa = PBXFileReference; explicitFileType = "wrapper.app-extension"; includeInIndex = 0; path = OffshoreBudgetingWidgetsExtension.appex; sourceTree = BUILT_PRODUCTS_DIR; };
		4CAD3C3E2F28AF7C001E3F5B /* WidgetKit.framework */ = {isa = PBXFileReference; lastKnownFileType = wrapper.framework; name = WidgetKit.framework; path = System/Library/Frameworks/WidgetKit.framework; sourceTree = SDKROOT; };
		4CAD3C402F28AF7D001E3F5B /* SwiftUI.framework */ = {isa = PBXFileReference; lastKnownFileType = wrapper.framework; name = SwiftUI.framework; path = System/Library/Frameworks/SwiftUI.framework; sourceTree = SDKROOT; };
/* End PBXFileReference section */

/* Begin PBXFileSystemSynchronizedBuildFileExceptionSet section */
		4C198A072F294BB5005D2D0D /* Exceptions for "OffshoreBudgetingWidgets" folder in "OffshoreBudgeting" target */ = {
			isa = PBXFileSystemSynchronizedBuildFileExceptionSet;
			membershipExceptions = (
				Cards/CardWidgetModels.swift,
				Cards/CardWidgetPeriod.swift,
				Cards/CardWidgetSnapshotStore.swift,
				Income/IncomeWidgetPeriod.swift,
				Income/IncomeWidgetsModel.swift,
				Income/IncomeWidgetSnapshotStore.swift,
			);
			target = 4C96F8502F20523700541774 /* OffshoreBudgeting */;
		};
		4C8C82192F2486440024DBD0 /* Exceptions for "OffshoreBudgeting" folder in "OffshoreBudgeting" target */ = {
			isa = PBXFileSystemSynchronizedBuildFileExceptionSet;
			membershipExceptions = (
				Info.plist,
			);
			target = 4C96F8502F20523700541774 /* OffshoreBudgeting */;
		};
		4CAD3C562F28AF7F001E3F5B /* Exceptions for "OffshoreBudgetingWidgets" folder in "OffshoreBudgetingWidgetsExtension" target */ = {
			isa = PBXFileSystemSynchronizedBuildFileExceptionSet;
			membershipExceptions = (
				Info.plist,
			);
			target = 4CAD3C3B2F28AF7C001E3F5B /* OffshoreBudgetingWidgetsExtension */;
		};
/* End PBXFileSystemSynchronizedBuildFileExceptionSet section */

/* Begin PBXFileSystemSynchronizedRootGroup section */
		4C96F8532F20523700541774 /* OffshoreBudgeting */ = {
			isa = PBXFileSystemSynchronizedRootGroup;
			exceptions = (
				4C8C82192F2486440024DBD0 /* Exceptions for "OffshoreBudgeting" folder in "OffshoreBudgeting" target */,
			);
			path = OffshoreBudgeting;
			sourceTree = "<group>";
		};
		4C96F8612F20523900541774 /* OffshoreBudgetingTests */ = {
			isa = PBXFileSystemSynchronizedRootGroup;
			path = OffshoreBudgetingTests;
			sourceTree = "<group>";
		};
		4C96F86B2F20523900541774 /* OffshoreBudgetingUITests */ = {
			isa = PBXFileSystemSynchronizedRootGroup;
			path = OffshoreBudgetingUITests;
			sourceTree = "<group>";
		};
		4CAD3C422F28AF7D001E3F5B /* OffshoreBudgetingWidgets */ = {
			isa = PBXFileSystemSynchronizedRootGroup;
			exceptions = (
				4C198A072F294BB5005D2D0D /* Exceptions for "OffshoreBudgetingWidgets" folder in "OffshoreBudgeting" target */,
				4CAD3C562F28AF7F001E3F5B /* Exceptions for "OffshoreBudgetingWidgets" folder in "OffshoreBudgetingWidgetsExtension" target */,
			);
			path = OffshoreBudgetingWidgets;
			sourceTree = "<group>";
		};
/* End PBXFileSystemSynchronizedRootGroup section */

/* Begin PBXFrameworksBuildPhase section */
		4C96F84E2F20523700541774 /* Frameworks */ = {
			isa = PBXFrameworksBuildPhase;
			buildActionMask = 2147483647;
			files = (
			);
			runOnlyForDeploymentPostprocessing = 0;
		};
		4C96F85B2F20523900541774 /* Frameworks */ = {
			isa = PBXFrameworksBuildPhase;
			buildActionMask = 2147483647;
			files = (
			);
			runOnlyForDeploymentPostprocessing = 0;
		};
		4C96F8652F20523900541774 /* Frameworks */ = {
			isa = PBXFrameworksBuildPhase;
			buildActionMask = 2147483647;
			files = (
			);
			runOnlyForDeploymentPostprocessing = 0;
		};
		4CAD3C392F28AF7C001E3F5B /* Frameworks */ = {
			isa = PBXFrameworksBuildPhase;
			buildActionMask = 2147483647;
			files = (
				4CAD3C412F28AF7D001E3F5B /* SwiftUI.framework in Frameworks */,
				4CAD3C3F2F28AF7D001E3F5B /* WidgetKit.framework in Frameworks */,
			);
			runOnlyForDeploymentPostprocessing = 0;
		};
/* End PBXFrameworksBuildPhase section */

/* Begin PBXGroup section */
		4C96F8482F20523700541774 = {
			isa = PBXGroup;
			children = (
				4C198A392F298962005D2D0D /* OffshoreBudgetingWidgetsExtension.entitlements */,
				4C8C82152F247DA50024DBD0 /* OffshoreBudgeting.xctestplan */,
				4C96F8532F20523700541774 /* OffshoreBudgeting */,
				4C96F8612F20523900541774 /* OffshoreBudgetingTests */,
				4C96F86B2F20523900541774 /* OffshoreBudgetingUITests */,
				4CAD3C422F28AF7D001E3F5B /* OffshoreBudgetingWidgets */,
				4CAD3C3D2F28AF7C001E3F5B /* Frameworks */,
				4C96F8522F20523700541774 /* Products */,
			);
			sourceTree = "<group>";
		};
		4C96F8522F20523700541774 /* Products */ = {
			isa = PBXGroup;
			children = (
				4C96F8512F20523700541774 /* Offshore.app */,
				4C96F85E2F20523900541774 /* OffshoreBudgetingTests.xctest */,
				4C96F8682F20523900541774 /* OffshoreBudgetingUITests.xctest */,
				4CAD3C3C2F28AF7C001E3F5B /* OffshoreBudgetingWidgetsExtension.appex */,
			);
			name = Products;
			sourceTree = "<group>";
		};
		4CAD3C3D2F28AF7C001E3F5B /* Frameworks */ = {
			isa = PBXGroup;
			children = (
				4CAD3C3E2F28AF7C001E3F5B /* WidgetKit.framework */,
				4CAD3C402F28AF7D001E3F5B /* SwiftUI.framework */,
			);
			name = Frameworks;
			sourceTree = "<group>";
		};
/* End PBXGroup section */

/* Begin PBXNativeTarget section */
		4C96F8502F20523700541774 /* OffshoreBudgeting */ = {
			isa = PBXNativeTarget;
			buildConfigurationList = 4C96F8722F20523900541774 /* Build configuration list for PBXNativeTarget "OffshoreBudgeting" */;
			buildPhases = (
				4C96F84D2F20523700541774 /* Sources */,
				4C96F84E2F20523700541774 /* Frameworks */,
				4C96F84F2F20523700541774 /* Resources */,
				4CAD3C572F28AF7F001E3F5B /* Embed Foundation Extensions */,
			);
			buildRules = (
			);
			dependencies = (
				4CAD3C512F28AF7F001E3F5B /* PBXTargetDependency */,
			);
			fileSystemSynchronizedGroups = (
				4C96F8532F20523700541774 /* OffshoreBudgeting */,
			);
			name = OffshoreBudgeting;
			packageProductDependencies = (
			);
			productName = BudgetPlayground;
			productReference = 4C96F8512F20523700541774 /* Offshore.app */;
			productType = "com.apple.product-type.application";
		};
		4C96F85D2F20523900541774 /* OffshoreBudgetingTests */ = {
			isa = PBXNativeTarget;
			buildConfigurationList = 4C96F8752F20523900541774 /* Build configuration list for PBXNativeTarget "OffshoreBudgetingTests" */;
			buildPhases = (
				4C96F85A2F20523900541774 /* Sources */,
				4C96F85B2F20523900541774 /* Frameworks */,
				4C96F85C2F20523900541774 /* Resources */,
			);
			buildRules = (
			);
			dependencies = (
				4C96F8602F20523900541774 /* PBXTargetDependency */,
			);
			fileSystemSynchronizedGroups = (
				4C96F8612F20523900541774 /* OffshoreBudgetingTests */,
			);
			name = OffshoreBudgetingTests;
			packageProductDependencies = (
			);
			productName = BudgetPlaygroundTests;
			productReference = 4C96F85E2F20523900541774 /* OffshoreBudgetingTests.xctest */;
			productType = "com.apple.product-type.bundle.unit-test";
		};
		4C96F8672F20523900541774 /* OffshoreBudgetingUITests */ = {
			isa = PBXNativeTarget;
			buildConfigurationList = 4C96F8782F20523900541774 /* Build configuration list for PBXNativeTarget "OffshoreBudgetingUITests" */;
			buildPhases = (
				4C96F8642F20523900541774 /* Sources */,
				4C96F8652F20523900541774 /* Frameworks */,
				4C96F8662F20523900541774 /* Resources */,
			);
			buildRules = (
			);
			dependencies = (
				4C96F86A2F20523900541774 /* PBXTargetDependency */,
			);
			fileSystemSynchronizedGroups = (
				4C96F86B2F20523900541774 /* OffshoreBudgetingUITests */,
			);
			name = OffshoreBudgetingUITests;
			packageProductDependencies = (
			);
			productName = BudgetPlaygroundUITests;
			productReference = 4C96F8682F20523900541774 /* OffshoreBudgetingUITests.xctest */;
			productType = "com.apple.product-type.bundle.ui-testing";
		};
		4CAD3C3B2F28AF7C001E3F5B /* OffshoreBudgetingWidgetsExtension */ = {
			isa = PBXNativeTarget;
			buildConfigurationList = 4CAD3C532F28AF7F001E3F5B /* Build configuration list for PBXNativeTarget "OffshoreBudgetingWidgetsExtension" */;
			buildPhases = (
				4CAD3C382F28AF7C001E3F5B /* Sources */,
				4CAD3C392F28AF7C001E3F5B /* Frameworks */,
				4CAD3C3A2F28AF7C001E3F5B /* Resources */,
			);
			buildRules = (
			);
			dependencies = (
			);
			fileSystemSynchronizedGroups = (
				4CAD3C422F28AF7D001E3F5B /* OffshoreBudgetingWidgets */,
			);
			name = OffshoreBudgetingWidgetsExtension;
			packageProductDependencies = (
			);
			productName = OffshoreBudgetingWidgetsExtension;
			productReference = 4CAD3C3C2F28AF7C001E3F5B /* OffshoreBudgetingWidgetsExtension.appex */;
			productType = "com.apple.product-type.app-extension";
		};
/* End PBXNativeTarget section */

/* Begin PBXProject section */
		4C96F8492F20523700541774 /* Project object */ = {
			isa = PBXProject;
			attributes = {
				BuildIndependentTargetsInParallel = 1;
				LastSwiftUpdateCheck = 2620;
				LastUpgradeCheck = 2620;
				ORGANIZATIONNAME = "";
				TargetAttributes = {
					4C96F8502F20523700541774 = {
						CreatedOnToolsVersion = 26.2;
					};
					4C96F85D2F20523900541774 = {
						CreatedOnToolsVersion = 26.2;
						TestTargetID = 4C96F8502F20523700541774;
					};
					4C96F8672F20523900541774 = {
						CreatedOnToolsVersion = 26.2;
						TestTargetID = 4C96F8502F20523700541774;
					};
					4CAD3C3B2F28AF7C001E3F5B = {
						CreatedOnToolsVersion = 26.2;
					};
				};
			};
			buildConfigurationList = 4C96F84C2F20523700541774 /* Build configuration list for PBXProject "OffshoreBudgeting" */;
			developmentRegion = en;
			hasScannedForEncodings = 0;
			knownRegions = (
				en,
				Base,
			);
			mainGroup = 4C96F8482F20523700541774;
			minimizedProjectReferenceProxies = 1;
			preferredProjectObjectVersion = 77;
			productRefGroup = 4C96F8522F20523700541774 /* Products */;
			projectDirPath = "";
			projectRoot = "";
			targets = (
				4C96F8502F20523700541774 /* OffshoreBudgeting */,
				4C96F85D2F20523900541774 /* OffshoreBudgetingTests */,
				4C96F8672F20523900541774 /* OffshoreBudgetingUITests */,
				4CAD3C3B2F28AF7C001E3F5B /* OffshoreBudgetingWidgetsExtension */,
			);
		};
/* End PBXProject section */

/* Begin PBXResourcesBuildPhase section */
		4C96F84F2F20523700541774 /* Resources */ = {
			isa = PBXResourcesBuildPhase;
			buildActionMask = 2147483647;
			files = (
			);
			runOnlyForDeploymentPostprocessing = 0;
		};
		4C96F85C2F20523900541774 /* Resources */ = {
			isa = PBXResourcesBuildPhase;
			buildActionMask = 2147483647;
			files = (
			);
			runOnlyForDeploymentPostprocessing = 0;
		};
		4C96F8662F20523900541774 /* Resources */ = {
			isa = PBXResourcesBuildPhase;
			buildActionMask = 2147483647;
			files = (
			);
			runOnlyForDeploymentPostprocessing = 0;
		};
		4CAD3C3A2F28AF7C001E3F5B /* Resources */ = {
			isa = PBXResourcesBuildPhase;
			buildActionMask = 2147483647;
			files = (
			);
			runOnlyForDeploymentPostprocessing = 0;
		};
/* End PBXResourcesBuildPhase section */

/* Begin PBXSourcesBuildPhase section */
		4C96F84D2F20523700541774 /* Sources */ = {
			isa = PBXSourcesBuildPhase;
			buildActionMask = 2147483647;
			files = (
			);
			runOnlyForDeploymentPostprocessing = 0;
		};
		4C96F85A2F20523900541774 /* Sources */ = {
			isa = PBXSourcesBuildPhase;
			buildActionMask = 2147483647;
			files = (
			);
			runOnlyForDeploymentPostprocessing = 0;
		};
		4C96F8642F20523900541774 /* Sources */ = {
			isa = PBXSourcesBuildPhase;
			buildActionMask = 2147483647;
			files = (
			);
			runOnlyForDeploymentPostprocessing = 0;
		};
		4CAD3C382F28AF7C001E3F5B /* Sources */ = {
			isa = PBXSourcesBuildPhase;
			buildActionMask = 2147483647;
			files = (
			);
			runOnlyForDeploymentPostprocessing = 0;
		};
/* End PBXSourcesBuildPhase section */

/* Begin PBXTargetDependency section */
		4C96F8602F20523900541774 /* PBXTargetDependency */ = {
			isa = PBXTargetDependency;
			target = 4C96F8502F20523700541774 /* OffshoreBudgeting */;
			targetProxy = 4C96F85F2F20523900541774 /* PBXContainerItemProxy */;
		};
		4C96F86A2F20523900541774 /* PBXTargetDependency */ = {
			isa = PBXTargetDependency;
			target = 4C96F8502F20523700541774 /* OffshoreBudgeting */;
			targetProxy = 4C96F8692F20523900541774 /* PBXContainerItemProxy */;
		};
		4CAD3C512F28AF7F001E3F5B /* PBXTargetDependency */ = {
			isa = PBXTargetDependency;
			target = 4CAD3C3B2F28AF7C001E3F5B /* OffshoreBudgetingWidgetsExtension */;
			targetProxy = 4CAD3C502F28AF7F001E3F5B /* PBXContainerItemProxy */;
		};
/* End PBXTargetDependency section */

/* Begin XCBuildConfiguration section */
		4C96F8702F20523900541774 /* Debug */ = {
			isa = XCBuildConfiguration;
			buildSettings = {
				ALWAYS_SEARCH_USER_PATHS = NO;
				ASSETCATALOG_COMPILER_GENERATE_SWIFT_ASSET_SYMBOL_EXTENSIONS = YES;
				CLANG_ANALYZER_NONNULL = YES;
				CLANG_ANALYZER_NUMBER_OBJECT_CONVERSION = YES_AGGRESSIVE;
				CLANG_CXX_LANGUAGE_STANDARD = "gnu++20";
				CLANG_ENABLE_MODULES = YES;
				CLANG_ENABLE_OBJC_ARC = YES;
				CLANG_ENABLE_OBJC_WEAK = YES;
				CLANG_WARN_BLOCK_CAPTURE_AUTORELEASING = YES;
				CLANG_WARN_BOOL_CONVERSION = YES;
				CLANG_WARN_COMMA = YES;
				CLANG_WARN_CONSTANT_CONVERSION = YES;
				CLANG_WARN_DEPRECATED_OBJC_IMPLEMENTATIONS = YES;
				CLANG_WARN_DIRECT_OBJC_ISA_USAGE = YES_ERROR;
				CLANG_WARN_DOCUMENTATION_COMMENTS = YES;
				CLANG_WARN_EMPTY_BODY = YES;
				CLANG_WARN_ENUM_CONVERSION = YES;
				CLANG_WARN_INFINITE_RECURSION = YES;
				CLANG_WARN_INT_CONVERSION = YES;
				CLANG_WARN_NON_LITERAL_NULL_CONVERSION = YES;
				CLANG_WARN_OBJC_IMPLICIT_RETAIN_SELF = YES;
				CLANG_WARN_OBJC_LITERAL_CONVERSION = YES;
				CLANG_WARN_OBJC_ROOT_CLASS = YES_ERROR;
				CLANG_WARN_QUOTED_INCLUDE_IN_FRAMEWORK_HEADER = YES;
				CLANG_WARN_RANGE_LOOP_ANALYSIS = YES;
				CLANG_WARN_STRICT_PROTOTYPES = YES;
				CLANG_WARN_SUSPICIOUS_MOVE = YES;
				CLANG_WARN_UNGUARDED_AVAILABILITY = YES_AGGRESSIVE;
				CLANG_WARN_UNREACHABLE_CODE = YES;
				CLANG_WARN__DUPLICATE_METHOD_MATCH = YES;
				COPY_PHASE_STRIP = NO;
				DEBUG_INFORMATION_FORMAT = dwarf;
				DEVELOPMENT_TEAM = T6DP3686XU;
				ENABLE_STRICT_OBJC_MSGSEND = YES;
				ENABLE_TESTABILITY = YES;
				ENABLE_USER_SCRIPT_SANDBOXING = YES;
				GCC_C_LANGUAGE_STANDARD = gnu17;
				GCC_DYNAMIC_NO_PIC = NO;
				GCC_NO_COMMON_BLOCKS = YES;
				GCC_OPTIMIZATION_LEVEL = 0;
				GCC_PREPROCESSOR_DEFINITIONS = (
					"DEBUG=1",
					"$(inherited)",
				);
				GCC_WARN_64_TO_32_BIT_CONVERSION = YES;
				GCC_WARN_ABOUT_RETURN_TYPE = YES_ERROR;
				GCC_WARN_UNDECLARED_SELECTOR = YES;
				GCC_WARN_UNINITIALIZED_AUTOS = YES_AGGRESSIVE;
				GCC_WARN_UNUSED_FUNCTION = YES;
				GCC_WARN_UNUSED_VARIABLE = YES;
				IPHONEOS_DEPLOYMENT_TARGET = 17.0;
				LOCALIZATION_PREFERS_STRING_CATALOGS = YES;
				MACCATALYST_DEPLOYMENT_TARGET = 17.0;
				MACOSX_DEPLOYMENT_TARGET = 14.0;
				MTL_ENABLE_DEBUG_INFO = INCLUDE_SOURCE;
				MTL_FAST_MATH = YES;
				ONLY_ACTIVE_ARCH = YES;
				PRODUCT_NAME = Offshore;
				SDKROOT = iphoneos;
				SWIFT_ACTIVE_COMPILATION_CONDITIONS = "DEBUG $(inherited)";
				SWIFT_OPTIMIZATION_LEVEL = "-Onone";
			};
			name = Debug;
		};
		4C96F8712F20523900541774 /* Release */ = {
			isa = XCBuildConfiguration;
			buildSettings = {
				ALWAYS_SEARCH_USER_PATHS = NO;
				ASSETCATALOG_COMPILER_GENERATE_SWIFT_ASSET_SYMBOL_EXTENSIONS = YES;
				CLANG_ANALYZER_NONNULL = YES;
				CLANG_ANALYZER_NUMBER_OBJECT_CONVERSION = YES_AGGRESSIVE;
				CLANG_CXX_LANGUAGE_STANDARD = "gnu++20";
				CLANG_ENABLE_MODULES = YES;
				CLANG_ENABLE_OBJC_ARC = YES;
				CLANG_ENABLE_OBJC_WEAK = YES;
				CLANG_WARN_BLOCK_CAPTURE_AUTORELEASING = YES;
				CLANG_WARN_BOOL_CONVERSION = YES;
				CLANG_WARN_COMMA = YES;
				CLANG_WARN_CONSTANT_CONVERSION = YES;
				CLANG_WARN_DEPRECATED_OBJC_IMPLEMENTATIONS = YES;
				CLANG_WARN_DIRECT_OBJC_ISA_USAGE = YES_ERROR;
				CLANG_WARN_DOCUMENTATION_COMMENTS = YES;
				CLANG_WARN_EMPTY_BODY = YES;
				CLANG_WARN_ENUM_CONVERSION = YES;
				CLANG_WARN_INFINITE_RECURSION = YES;
				CLANG_WARN_INT_CONVERSION = YES;
				CLANG_WARN_NON_LITERAL_NULL_CONVERSION = YES;
				CLANG_WARN_OBJC_IMPLICIT_RETAIN_SELF = YES;
				CLANG_WARN_OBJC_LITERAL_CONVERSION = YES;
				CLANG_WARN_OBJC_ROOT_CLASS = YES_ERROR;
				CLANG_WARN_QUOTED_INCLUDE_IN_FRAMEWORK_HEADER = YES;
				CLANG_WARN_RANGE_LOOP_ANALYSIS = YES;
				CLANG_WARN_STRICT_PROTOTYPES = YES;
				CLANG_WARN_SUSPICIOUS_MOVE = YES;
				CLANG_WARN_UNGUARDED_AVAILABILITY = YES_AGGRESSIVE;
				CLANG_WARN_UNREACHABLE_CODE = YES;
				CLANG_WARN__DUPLICATE_METHOD_MATCH = YES;
				COPY_PHASE_STRIP = NO;
				DEBUG_INFORMATION_FORMAT = "dwarf-with-dsym";
				DEVELOPMENT_TEAM = T6DP3686XU;
				ENABLE_NS_ASSERTIONS = NO;
				ENABLE_STRICT_OBJC_MSGSEND = YES;
				ENABLE_USER_SCRIPT_SANDBOXING = YES;
				GCC_C_LANGUAGE_STANDARD = gnu17;
				GCC_NO_COMMON_BLOCKS = YES;
				GCC_WARN_64_TO_32_BIT_CONVERSION = YES;
				GCC_WARN_ABOUT_RETURN_TYPE = YES_ERROR;
				GCC_WARN_UNDECLARED_SELECTOR = YES;
				GCC_WARN_UNINITIALIZED_AUTOS = YES_AGGRESSIVE;
				GCC_WARN_UNUSED_FUNCTION = YES;
				GCC_WARN_UNUSED_VARIABLE = YES;
				IPHONEOS_DEPLOYMENT_TARGET = 17.0;
				LOCALIZATION_PREFERS_STRING_CATALOGS = YES;
				MACCATALYST_DEPLOYMENT_TARGET = 17.0;
				MACOSX_DEPLOYMENT_TARGET = 14.0;
				MTL_ENABLE_DEBUG_INFO = NO;
				MTL_FAST_MATH = YES;
				PRODUCT_NAME = Offshore;
				SDKROOT = iphoneos;
				SWIFT_COMPILATION_MODE = wholemodule;
				VALIDATE_PRODUCT = YES;
			};
			name = Release;
		};
		4C96F8732F20523900541774 /* Debug */ = {
			isa = XCBuildConfiguration;
			buildSettings = {
				ASSETCATALOG_COMPILER_APPICON_NAME = AppIcon;
				ASSETCATALOG_COMPILER_GLOBAL_ACCENT_COLOR_NAME = AccentColor;
				ASSETCATALOG_OTHER_FLAGS = "--enable-icon-stack-fallback-generation=disabled";
				CODE_SIGN_ENTITLEMENTS = OffshoreBudgeting/OffshoreBudgeting.entitlements;
				CODE_SIGN_IDENTITY = "Apple Development";
				CODE_SIGN_STYLE = Automatic;
				CURRENT_PROJECT_VERSION = 5;
				DEVELOPMENT_TEAM = T6DP3686XU;
				ENABLE_APP_SANDBOX = YES;
				ENABLE_INCOMING_NETWORK_CONNECTIONS = NO;
				ENABLE_OUTGOING_NETWORK_CONNECTIONS = YES;
				ENABLE_PREVIEWS = YES;
				ENABLE_RESOURCE_ACCESS_AUDIO_INPUT = NO;
				ENABLE_RESOURCE_ACCESS_BLUETOOTH = NO;
				ENABLE_RESOURCE_ACCESS_CALENDARS = NO;
				ENABLE_RESOURCE_ACCESS_CAMERA = NO;
				ENABLE_RESOURCE_ACCESS_CONTACTS = NO;
				ENABLE_RESOURCE_ACCESS_LOCATION = NO;
				ENABLE_RESOURCE_ACCESS_PRINTING = NO;
				ENABLE_RESOURCE_ACCESS_USB = NO;
				GENERATE_INFOPLIST_FILE = YES;
				INFOPLIST_FILE = OffshoreBudgeting/Info.plist;
				INFOPLIST_KEY_CFBundleDisplayName = Offshore;
				INFOPLIST_KEY_LSApplicationCategoryType = "public.app-category.finance";
				INFOPLIST_KEY_NSFaceIDUsageDescription = "Use Face ID to lock the app and secure sensitive budget data.";
				INFOPLIST_KEY_UIApplicationSceneManifest_Generation = YES;
				INFOPLIST_KEY_UIApplicationSupportsIndirectInputEvents = YES;
				INFOPLIST_KEY_UILaunchScreen_Generation = YES;
				INFOPLIST_KEY_UISupportedInterfaceOrientations_iPad = "UIInterfaceOrientationPortrait UIInterfaceOrientationPortraitUpsideDown UIInterfaceOrientationLandscapeLeft UIInterfaceOrientationLandscapeRight";
				INFOPLIST_KEY_UISupportedInterfaceOrientations_iPhone = "UIInterfaceOrientationPortrait UIInterfaceOrientationLandscapeLeft UIInterfaceOrientationLandscapeRight";
				IPHONEOS_DEPLOYMENT_TARGET = 18.6;
				LD_RUNPATH_SEARCH_PATHS = (
					"$(inherited)",
					"@executable_path/Frameworks",
				);
				MACCATALYST_DEPLOYMENT_TARGET = 17.0;
				MACOSX_DEPLOYMENT_TARGET = 14.0;
				MARKETING_VERSION = 2.2;
				PRODUCT_BUNDLE_IDENTIFIER = "com.mb.offshore-budgeting";
				PRODUCT_NAME = Offshore;
				PROVISIONING_PROFILE_SPECIFIER = "";
				REGISTER_APP_GROUPS = YES;
				STRING_CATALOG_GENERATE_SYMBOLS = YES;
				SUPPORTED_PLATFORMS = "iphoneos iphonesimulator";
				SUPPORTS_MACCATALYST = YES;
				SUPPORTS_MAC_DESIGNED_FOR_IPHONE_IPAD = NO;
				SUPPORTS_XR_DESIGNED_FOR_IPHONE_IPAD = NO;
				SWIFT_APPROACHABLE_CONCURRENCY = YES;
				SWIFT_DEFAULT_ACTOR_ISOLATION = MainActor;
				SWIFT_EMIT_LOC_STRINGS = YES;
				SWIFT_UPCOMING_FEATURE_MEMBER_IMPORT_VISIBILITY = YES;
				SWIFT_VERSION = 5.0;
				TARGETED_DEVICE_FAMILY = "1,2";
			};
			name = Debug;
		};
		4C96F8742F20523900541774 /* Release */ = {
			isa = XCBuildConfiguration;
			buildSettings = {
				ASSETCATALOG_COMPILER_APPICON_NAME = AppIcon;
				ASSETCATALOG_COMPILER_GLOBAL_ACCENT_COLOR_NAME = AccentColor;
				ASSETCATALOG_OTHER_FLAGS = "--enable-icon-stack-fallback-generation=disabled";
				CODE_SIGN_ENTITLEMENTS = OffshoreBudgeting/OffshoreBudgeting.entitlements;
				CODE_SIGN_IDENTITY = "Apple Development";
				CODE_SIGN_STYLE = Automatic;
				CURRENT_PROJECT_VERSION = 5;
				DEVELOPMENT_TEAM = T6DP3686XU;
				ENABLE_APP_SANDBOX = YES;
				ENABLE_INCOMING_NETWORK_CONNECTIONS = NO;
				ENABLE_OUTGOING_NETWORK_CONNECTIONS = YES;
				ENABLE_PREVIEWS = YES;
				ENABLE_RESOURCE_ACCESS_AUDIO_INPUT = NO;
				ENABLE_RESOURCE_ACCESS_BLUETOOTH = NO;
				ENABLE_RESOURCE_ACCESS_CALENDARS = NO;
				ENABLE_RESOURCE_ACCESS_CAMERA = NO;
				ENABLE_RESOURCE_ACCESS_CONTACTS = NO;
				ENABLE_RESOURCE_ACCESS_LOCATION = NO;
				ENABLE_RESOURCE_ACCESS_PRINTING = NO;
				ENABLE_RESOURCE_ACCESS_USB = NO;
				GENERATE_INFOPLIST_FILE = YES;
				INFOPLIST_FILE = OffshoreBudgeting/Info.plist;
				INFOPLIST_KEY_CFBundleDisplayName = Offshore;
				INFOPLIST_KEY_LSApplicationCategoryType = "public.app-category.finance";
				INFOPLIST_KEY_NSFaceIDUsageDescription = "Use Face ID to lock the app and secure sensitive budget data.";
				INFOPLIST_KEY_UIApplicationSceneManifest_Generation = YES;
				INFOPLIST_KEY_UIApplicationSupportsIndirectInputEvents = YES;
				INFOPLIST_KEY_UILaunchScreen_Generation = YES;
				INFOPLIST_KEY_UISupportedInterfaceOrientations_iPad = "UIInterfaceOrientationPortrait UIInterfaceOrientationPortraitUpsideDown UIInterfaceOrientationLandscapeLeft UIInterfaceOrientationLandscapeRight";
				INFOPLIST_KEY_UISupportedInterfaceOrientations_iPhone = "UIInterfaceOrientationPortrait UIInterfaceOrientationLandscapeLeft UIInterfaceOrientationLandscapeRight";
				IPHONEOS_DEPLOYMENT_TARGET = 18.6;
				LD_RUNPATH_SEARCH_PATHS = (
					"$(inherited)",
					"@executable_path/Frameworks",
				);
				MACCATALYST_DEPLOYMENT_TARGET = 17.0;
				MACOSX_DEPLOYMENT_TARGET = 14.0;
				MARKETING_VERSION = 2.2;
				PRODUCT_BUNDLE_IDENTIFIER = "com.mb.offshore-budgeting";
				PRODUCT_NAME = Offshore;
				PROVISIONING_PROFILE_SPECIFIER = "";
				REGISTER_APP_GROUPS = YES;
				STRING_CATALOG_GENERATE_SYMBOLS = YES;
				SUPPORTED_PLATFORMS = "iphoneos iphonesimulator";
				SUPPORTS_MACCATALYST = YES;
				SUPPORTS_MAC_DESIGNED_FOR_IPHONE_IPAD = NO;
				SUPPORTS_XR_DESIGNED_FOR_IPHONE_IPAD = NO;
				SWIFT_APPROACHABLE_CONCURRENCY = YES;
				SWIFT_DEFAULT_ACTOR_ISOLATION = MainActor;
				SWIFT_EMIT_LOC_STRINGS = YES;
				SWIFT_UPCOMING_FEATURE_MEMBER_IMPORT_VISIBILITY = YES;
				SWIFT_VERSION = 5.0;
				TARGETED_DEVICE_FAMILY = "1,2";
			};
			name = Release;
		};
		4C96F8762F20523900541774 /* Debug */ = {
			isa = XCBuildConfiguration;
			buildSettings = {
				BUNDLE_LOADER = "$(TEST_HOST)";
				CODE_SIGN_STYLE = Automatic;
				CURRENT_PROJECT_VERSION = 1;
				DEVELOPMENT_TEAM = T6DP3686XU;
				GENERATE_INFOPLIST_FILE = YES;
				IPHONEOS_DEPLOYMENT_TARGET = 18.6;
				MACCATALYST_DEPLOYMENT_TARGET = 17.0;
				MACOSX_DEPLOYMENT_TARGET = 14.0;
				MARKETING_VERSION = 1.0;
				PRODUCT_BUNDLE_IDENTIFIER = com.mb.OffshoreBudgetingTests;
				PRODUCT_NAME = "$(TARGET_NAME)";
				STRING_CATALOG_GENERATE_SYMBOLS = NO;
				SUPPORTED_PLATFORMS = "iphoneos iphonesimulator";
				SUPPORTS_MACCATALYST = YES;
				SUPPORTS_MAC_DESIGNED_FOR_IPHONE_IPAD = NO;
				SUPPORTS_XR_DESIGNED_FOR_IPHONE_IPAD = NO;
				SWIFT_APPROACHABLE_CONCURRENCY = YES;
				SWIFT_EMIT_LOC_STRINGS = NO;
				SWIFT_UPCOMING_FEATURE_MEMBER_IMPORT_VISIBILITY = YES;
				SWIFT_VERSION = 5.0;
				TARGETED_DEVICE_FAMILY = "1,2";
				TEST_HOST = "$(BUILT_PRODUCTS_DIR)/Offshore.app/$(BUNDLE_EXECUTABLE_FOLDER_PATH)/Offshore";
			};
			name = Debug;
		};
		4C96F8772F20523900541774 /* Release */ = {
			isa = XCBuildConfiguration;
			buildSettings = {
				BUNDLE_LOADER = "$(TEST_HOST)";
				CODE_SIGN_STYLE = Automatic;
				CURRENT_PROJECT_VERSION = 1;
				DEVELOPMENT_TEAM = T6DP3686XU;
				GENERATE_INFOPLIST_FILE = YES;
				IPHONEOS_DEPLOYMENT_TARGET = 18.6;
				MACCATALYST_DEPLOYMENT_TARGET = 17.0;
				MACOSX_DEPLOYMENT_TARGET = 14.0;
				MARKETING_VERSION = 1.0;
				PRODUCT_BUNDLE_IDENTIFIER = com.mb.OffshoreBudgetingTests;
				PRODUCT_NAME = "$(TARGET_NAME)";
				STRING_CATALOG_GENERATE_SYMBOLS = NO;
				SUPPORTED_PLATFORMS = "iphoneos iphonesimulator";
				SUPPORTS_MACCATALYST = YES;
				SUPPORTS_MAC_DESIGNED_FOR_IPHONE_IPAD = NO;
				SUPPORTS_XR_DESIGNED_FOR_IPHONE_IPAD = NO;
				SWIFT_APPROACHABLE_CONCURRENCY = YES;
				SWIFT_EMIT_LOC_STRINGS = NO;
				SWIFT_UPCOMING_FEATURE_MEMBER_IMPORT_VISIBILITY = YES;
				SWIFT_VERSION = 5.0;
				TARGETED_DEVICE_FAMILY = "1,2";
				TEST_HOST = "$(BUILT_PRODUCTS_DIR)/Offshore.app/$(BUNDLE_EXECUTABLE_FOLDER_PATH)/Offshore";
			};
			name = Release;
		};
		4C96F8792F20523900541774 /* Debug */ = {
			isa = XCBuildConfiguration;
			buildSettings = {
				CODE_SIGN_STYLE = Automatic;
				CURRENT_PROJECT_VERSION = 1;
				DEVELOPMENT_TEAM = T6DP3686XU;
				GENERATE_INFOPLIST_FILE = YES;
				IPHONEOS_DEPLOYMENT_TARGET = 18.6;
				MACCATALYST_DEPLOYMENT_TARGET = 17.0;
				MACOSX_DEPLOYMENT_TARGET = 14.0;
				MARKETING_VERSION = 1.0;
				PRODUCT_BUNDLE_IDENTIFIER = com.mb.OffshoreBudgetingUITests;
				PRODUCT_NAME = "$(TARGET_NAME)";
				STRING_CATALOG_GENERATE_SYMBOLS = NO;
				SUPPORTED_PLATFORMS = "iphoneos iphonesimulator";
				SUPPORTS_MACCATALYST = YES;
				SUPPORTS_MAC_DESIGNED_FOR_IPHONE_IPAD = NO;
				SUPPORTS_XR_DESIGNED_FOR_IPHONE_IPAD = NO;
				SWIFT_APPROACHABLE_CONCURRENCY = YES;
				SWIFT_EMIT_LOC_STRINGS = NO;
				SWIFT_UPCOMING_FEATURE_MEMBER_IMPORT_VISIBILITY = YES;
				SWIFT_VERSION = 5.0;
				TARGETED_DEVICE_FAMILY = "1,2";
				TEST_TARGET_NAME = OffshoreBudgeting;
			};
			name = Debug;
		};
		4C96F87A2F20523900541774 /* Release */ = {
			isa = XCBuildConfiguration;
			buildSettings = {
				CODE_SIGN_STYLE = Automatic;
				CURRENT_PROJECT_VERSION = 1;
				DEVELOPMENT_TEAM = T6DP3686XU;
				GENERATE_INFOPLIST_FILE = YES;
				IPHONEOS_DEPLOYMENT_TARGET = 18.6;
				MACCATALYST_DEPLOYMENT_TARGET = 17.0;
				MACOSX_DEPLOYMENT_TARGET = 14.0;
				MARKETING_VERSION = 1.0;
				PRODUCT_BUNDLE_IDENTIFIER = com.mb.OffshoreBudgetingUITests;
				PRODUCT_NAME = "$(TARGET_NAME)";
				STRING_CATALOG_GENERATE_SYMBOLS = NO;
				SUPPORTED_PLATFORMS = "iphoneos iphonesimulator";
				SUPPORTS_MACCATALYST = YES;
				SUPPORTS_MAC_DESIGNED_FOR_IPHONE_IPAD = NO;
				SUPPORTS_XR_DESIGNED_FOR_IPHONE_IPAD = NO;
				SWIFT_APPROACHABLE_CONCURRENCY = YES;
				SWIFT_EMIT_LOC_STRINGS = NO;
				SWIFT_UPCOMING_FEATURE_MEMBER_IMPORT_VISIBILITY = YES;
				SWIFT_VERSION = 5.0;
				TARGETED_DEVICE_FAMILY = "1,2";
				TEST_TARGET_NAME = OffshoreBudgeting;
			};
			name = Release;
		};
		4CAD3C542F28AF7F001E3F5B /* Debug */ = {
			isa = XCBuildConfiguration;
			buildSettings = {
				ASSETCATALOG_COMPILER_GLOBAL_ACCENT_COLOR_NAME = AccentColor;
				ASSETCATALOG_COMPILER_WIDGET_BACKGROUND_COLOR_NAME = WidgetBackground;
				CODE_SIGN_ENTITLEMENTS = OffshoreBudgetingWidgetsExtension.entitlements;
				CODE_SIGN_IDENTITY = "Apple Development";
				CODE_SIGN_STYLE = Automatic;
				CURRENT_PROJECT_VERSION = 5;
				DEVELOPMENT_TEAM = T6DP3686XU;
				ENABLE_APP_SANDBOX = YES;
				ENABLE_INCOMING_NETWORK_CONNECTIONS = NO;
				ENABLE_OUTGOING_NETWORK_CONNECTIONS = NO;
				ENABLE_RESOURCE_ACCESS_AUDIO_INPUT = NO;
				ENABLE_RESOURCE_ACCESS_BLUETOOTH = NO;
				ENABLE_RESOURCE_ACCESS_CALENDARS = NO;
				ENABLE_RESOURCE_ACCESS_CAMERA = NO;
				ENABLE_RESOURCE_ACCESS_CONTACTS = NO;
				ENABLE_RESOURCE_ACCESS_LOCATION = NO;
				ENABLE_RESOURCE_ACCESS_PRINTING = NO;
				ENABLE_RESOURCE_ACCESS_USB = NO;
				GENERATE_INFOPLIST_FILE = YES;
				INFOPLIST_FILE = OffshoreBudgetingWidgets/Info.plist;
				INFOPLIST_KEY_CFBundleDisplayName = OffshoreBudgetingWidgets;
				INFOPLIST_KEY_NSHumanReadableCopyright = "";
				IPHONEOS_DEPLOYMENT_TARGET = 18.6;
				LD_RUNPATH_SEARCH_PATHS = (
					"$(inherited)",
					"@executable_path/Frameworks",
					"@executable_path/../../Frameworks",
				);
				MARKETING_VERSION = 2.2;
				PRODUCT_BUNDLE_IDENTIFIER = "com.mb.offshore-budgeting.OffshoreBudgetingWidgets";
				PRODUCT_NAME = "$(TARGET_NAME)";
				REGISTER_APP_GROUPS = YES;
				SKIP_INSTALL = YES;
				STRING_CATALOG_GENERATE_SYMBOLS = YES;
				SUPPORTED_PLATFORMS = "iphoneos iphonesimulator";
				SUPPORTS_MACCATALYST = YES;
				SUPPORTS_MAC_DESIGNED_FOR_IPHONE_IPAD = NO;
				SUPPORTS_XR_DESIGNED_FOR_IPHONE_IPAD = NO;
				SWIFT_APPROACHABLE_CONCURRENCY = YES;
				SWIFT_EMIT_LOC_STRINGS = YES;
				SWIFT_UPCOMING_FEATURE_MEMBER_IMPORT_VISIBILITY = YES;
				SWIFT_VERSION = 5.0;
				TARGETED_DEVICE_FAMILY = "1,2";
			};
			name = Debug;
		};
		4CAD3C552F28AF7F001E3F5B /* Release */ = {
			isa = XCBuildConfiguration;
			buildSettings = {
				ASSETCATALOG_COMPILER_GLOBAL_ACCENT_COLOR_NAME = AccentColor;
				ASSETCATALOG_COMPILER_WIDGET_BACKGROUND_COLOR_NAME = WidgetBackground;
				CODE_SIGN_ENTITLEMENTS = OffshoreBudgetingWidgetsExtension.entitlements;
				CODE_SIGN_IDENTITY = "Apple Development";
				CODE_SIGN_STYLE = Automatic;
				CURRENT_PROJECT_VERSION = 5;
				DEVELOPMENT_TEAM = T6DP3686XU;
				ENABLE_APP_SANDBOX = YES;
				ENABLE_INCOMING_NETWORK_CONNECTIONS = NO;
				ENABLE_OUTGOING_NETWORK_CONNECTIONS = NO;
				ENABLE_RESOURCE_ACCESS_AUDIO_INPUT = NO;
				ENABLE_RESOURCE_ACCESS_BLUETOOTH = NO;
				ENABLE_RESOURCE_ACCESS_CALENDARS = NO;
				ENABLE_RESOURCE_ACCESS_CAMERA = NO;
				ENABLE_RESOURCE_ACCESS_CONTACTS = NO;
				ENABLE_RESOURCE_ACCESS_LOCATION = NO;
				ENABLE_RESOURCE_ACCESS_PRINTING = NO;
				ENABLE_RESOURCE_ACCESS_USB = NO;
				GENERATE_INFOPLIST_FILE = YES;
				INFOPLIST_FILE = OffshoreBudgetingWidgets/Info.plist;
				INFOPLIST_KEY_CFBundleDisplayName = OffshoreBudgetingWidgets;
				INFOPLIST_KEY_NSHumanReadableCopyright = "";
				IPHONEOS_DEPLOYMENT_TARGET = 18.6;
				LD_RUNPATH_SEARCH_PATHS = (
					"$(inherited)",
					"@executable_path/Frameworks",
					"@executable_path/../../Frameworks",
				);
				MARKETING_VERSION = 2.2;
				PRODUCT_BUNDLE_IDENTIFIER = "com.mb.offshore-budgeting.OffshoreBudgetingWidgets";
				PRODUCT_NAME = "$(TARGET_NAME)";
				REGISTER_APP_GROUPS = YES;
				SKIP_INSTALL = YES;
				STRING_CATALOG_GENERATE_SYMBOLS = YES;
				SUPPORTED_PLATFORMS = "iphoneos iphonesimulator";
				SUPPORTS_MACCATALYST = YES;
				SUPPORTS_MAC_DESIGNED_FOR_IPHONE_IPAD = NO;
				SUPPORTS_XR_DESIGNED_FOR_IPHONE_IPAD = NO;
				SWIFT_APPROACHABLE_CONCURRENCY = YES;
				SWIFT_EMIT_LOC_STRINGS = YES;
				SWIFT_UPCOMING_FEATURE_MEMBER_IMPORT_VISIBILITY = YES;
				SWIFT_VERSION = 5.0;
				TARGETED_DEVICE_FAMILY = "1,2";
			};
			name = Release;
		};
/* End XCBuildConfiguration section */

/* Begin XCConfigurationList section */
		4C96F84C2F20523700541774 /* Build configuration list for PBXProject "OffshoreBudgeting" */ = {
			isa = XCConfigurationList;
			buildConfigurations = (
				4C96F8702F20523900541774 /* Debug */,
				4C96F8712F20523900541774 /* Release */,
			);
			defaultConfigurationIsVisible = 0;
			defaultConfigurationName = Release;
		};
		4C96F8722F20523900541774 /* Build configuration list for PBXNativeTarget "OffshoreBudgeting" */ = {
			isa = XCConfigurationList;
			buildConfigurations = (
				4C96F8732F20523900541774 /* Debug */,
				4C96F8742F20523900541774 /* Release */,
			);
			defaultConfigurationIsVisible = 0;
			defaultConfigurationName = Release;
		};
		4C96F8752F20523900541774 /* Build configuration list for PBXNativeTarget "OffshoreBudgetingTests" */ = {
			isa = XCConfigurationList;
			buildConfigurations = (
				4C96F8762F20523900541774 /* Debug */,
				4C96F8772F20523900541774 /* Release */,
			);
			defaultConfigurationIsVisible = 0;
			defaultConfigurationName = Release;
		};
		4C96F8782F20523900541774 /* Build configuration list for PBXNativeTarget "OffshoreBudgetingUITests" */ = {
			isa = XCConfigurationList;
			buildConfigurations = (
				4C96F8792F20523900541774 /* Debug */,
				4C96F87A2F20523900541774 /* Release */,
			);
			defaultConfigurationIsVisible = 0;
			defaultConfigurationName = Release;
		};
		4CAD3C532F28AF7F001E3F5B /* Build configuration list for PBXNativeTarget "OffshoreBudgetingWidgetsExtension" */ = {
			isa = XCConfigurationList;
			buildConfigurations = (
				4CAD3C542F28AF7F001E3F5B /* Debug */,
				4CAD3C552F28AF7F001E3F5B /* Release */,
			);
			defaultConfigurationIsVisible = 0;
			defaultConfigurationName = Release;
		};
/* End XCConfigurationList section */
	};
	rootObject = 4C96F8492F20523700541774 /* Project object */;
}
